
Microsoft Visual Studio Solution File, Format Version 12.00
# Visual Studio Version 16
VisualStudioVersion = 16.0.31019.35
MinimumVisualStudioVersion = 10.0.40219.1
Project("{FAE04EC0-301F-11D3-BF4B-00C04F79EFBC}") = "Sector numbers", "Sector numbers\Sector numbers.csproj", "{65765DF0-2C50-4881-8FCF-786A707AEEB5}"
EndProject
Global
	GlobalSection(SolutionConfigurationPlatforms) = preSolution
		Debug|Any CPU = Debug|Any CPU
		Release|Any CPU = Release|Any CPU
	EndGlobalSection
	GlobalSection(ProjectConfigurationPlatforms) = postSolution
		{65765DF0-2C50-4881-8FCF-786A707AEEB5}.Debug|Any CPU.ActiveCfg = Debug|Any CPU
		{65765DF0-2C50-4881-8FCF-786A707AEEB5}.Debug|Any CPU.Build.0 = Debug|Any CPU
		{65765DF0-2C50-4881-8FCF-786A707AEEB5}.Release|Any CPU.ActiveCfg = Release|Any CPU
		{65765DF0-2C50-4881-8FCF-786A707AEEB5}.Release|Any CPU.Build.0 = Release|Any CPU
	EndGlobalSection
	GlobalSection(SolutionProperties) = preSolution
		HideSolutionNode = FALSE
	EndGlobalSection
	GlobalSection(ExtensibilityGlobals) = postSolution
		SolutionGuid = {53013C3C-E0B8-49F6-A82B-158AE81A3FFC}
	EndGlobalSection
EndGlobal
